// !$*UTF8*$!
{
	archiveVersion = 1;
	classes = {
	};
	objectVersion = 50;
	objects = {

/* Begin PBXBuildFile section */
		9D10E40123986D6500D3C288 /* AppDelegate.swift in Sources */ = {isa = PBXBuildFile; fileRef = 9D10E40023986D6500D3C288 /* AppDelegate.swift */; };
		9D10E40323986D6500D3C288 /* SceneDelegate.swift in Sources */ = {isa = PBXBuildFile; fileRef = 9D10E40223986D6500D3C288 /* SceneDelegate.swift */; };
		9D10E40523986D6500D3C288 /* ViewController.swift in Sources */ = {isa = PBXBuildFile; fileRef = 9D10E40423986D6500D3C288 /* ViewController.swift */; };
		9D10E40823986D6500D3C288 /* Main.storyboard in Resources */ = {isa = PBXBuildFile; fileRef = 9D10E40623986D6500D3C288 /* Main.storyboard */; };
		9D10E40A23986D6700D3C288 /* Assets.xcassets in Resources */ = {isa = PBXBuildFile; fileRef = 9D10E40923986D6700D3C288 /* Assets.xcassets */; };
		9D10E40D23986D6700D3C288 /* LaunchScreen.storyboard in Resources */ = {isa = PBXBuildFile; fileRef = 9D10E40B23986D6700D3C288 /* LaunchScreen.storyboard */; };
		9D10E41823986D6700D3C288 /* aTests.swift in Sources */ = {isa = PBXBuildFile; fileRef = 9D10E41723986D6700D3C288 /* aTests.swift */; };
		9D10E42323986D6700D3C288 /* aUITests.swift in Sources */ = {isa = PBXBuildFile; fileRef = 9D10E42223986D6700D3C288 /* aUITests.swift */; };
/* End PBXBuildFile section */

/* Begin PBXContainerItemProxy section */
		9D10E41423986D6700D3C288 /* PBXContainerItemProxy */ = {
			isa = PBXContainerItemProxy;
			containerPortal = 9D10E3F523986D6500D3C288 /* Project object */;
			proxyType = 1;
			remoteGlobalIDString = 9D10E3FC23986D6500D3C288;
			remoteInfo = a;
		};
		9D10E41F23986D6700D3C288 /* PBXContainerItemProxy */ = {
			isa = PBXContainerItemProxy;
			containerPortal = 9D10E3F523986D6500D3C288 /* Project object */;
			proxyType = 1;
			remoteGlobalIDString = 9D10E3FC23986D6500D3C288;
			remoteInfo = a;
		};
/* End PBXContainerItemProxy section */

/* Begin PBXFileReference section */
		9D10E3FD23986D6500D3C288 /* a.app */ = {isa = PBXFileReference; explicitFileType = wrapper.application; includeInIndex = 0; path = a.app; sourceTree = BUILT_PRODUCTS_DIR; };
		9D10E40023986D6500D3C288 /* AppDelegate.swift */ = {isa = PBXFileReference; lastKnownFileType = sourcecode.swift; path = AppDelegate.swift; sourceTree = "<group>"; };
		9D10E40223986D6500D3C288 /* SceneDelegate.swift */ = {isa = PBXFileReference; lastKnownFileType = sourcecode.swift; path = SceneDelegate.swift; sourceTree = "<group>"; };
		9D10E40423986D6500D3C288 /* ViewController.swift */ = {isa = PBXFileReference; lastKnownFileType = sourcecode.swift; path = ViewController.swift; sourceTree = "<group>"; };
		9D10E40723986D6500D3C288 /* Base */ = {isa = PBXFileReference; lastKnownFileType = file.storyboard; name = Base; path = Base.lproj/Main.storyboard; sourceTree = "<group>"; };
		9D10E40923986D6700D3C288 /* Assets.xcassets */ = {isa = PBXFileReference; lastKnownFileType = folder.assetcatalog; path = Assets.xcassets; sourceTree = "<group>"; };
		9D10E40C23986D6700D3C288 /* Base */ = {isa = PBXFileReference; lastKnownFileType = file.storyboard; name = Base; path = Base.lproj/LaunchScreen.storyboard; sourceTree = "<group>"; };
		9D10E40E23986D6700D3C288 /* Info.plist */ = {isa = PBXFileReference; lastKnownFileType = text.plist.xml; path = Info.plist; sourceTree = "<group>"; };
		9D10E41323986D6700D3C288 /* aTests.xctest */ = {isa = PBXFileReference; explicitFileType = wrapper.cfbundle; includeInIndex = 0; path = aTests.xctest; sourceTree = BUILT_PRODUCTS_DIR; };
		9D10E41723986D6700D3C288 /* aTests.swift */ = {isa = PBXFileReference; lastKnownFileType = sourcecode.swift; path = aTests.swift; sourceTree = "<group>"; };
		9D10E41923986D6700D3C288 /* Info.plist */ = {isa = PBXFileReference; lastKnownFileType = text.plist.xml; path = Info.plist; sourceTree = "<group>"; };
		9D10E41E23986D6700D3C288 /* aUITests.xctest */ = {isa = PBXFileReference; explicitFileType = wrapper.cfbundle; includeInIndex = 0; path = aUITests.xctest; sourceTree = BUILT_PRODUCTS_DIR; };
		9D10E42223986D6700D3C288 /* aUITests.swift */ = {isa = PBXFileReference; lastKnownFileType = sourcecode.swift; path = aUITests.swift; sourceTree = "<group>"; };
		9D10E42423986D6700D3C288 /* Info.plist */ = {isa = PBXFileReference; lastKnownFileType = text.plist.xml; path = Info.plist; sourceTree = "<group>"; };
/* End PBXFileReference section */

/* Begin PBXFrameworksBuildPhase section */
		9D10E3FA23986D6500D3C288 /* Frameworks */ = {
			isa = PBXFrameworksBuildPhase;
			buildActionMask = 2147483647;
			files = (
			);
			runOnlyForDeploymentPostprocessing = 0;
		};
		9D10E41023986D6700D3C288 /* Frameworks */ = {
			isa = PBXFrameworksBuildPhase;
			buildActionMask = 2147483647;
			files = (
			);
			runOnlyForDeploymentPostprocessing = 0;
		};
		9D10E41B23986D6700D3C288 /* Frameworks */ = {
			isa = PBXFrameworksBuildPhase;
			buildActionMask = 2147483647;
			files = (
			);
			runOnlyForDeploymentPostprocessing = 0;
		};
/* End PBXFrameworksBuildPhase section */

/* Begin PBXGroup section */
		9D10E3F423986D6500D3C288 = {
			isa = PBXGroup;
			children = (
				9D10E3FF23986D6500D3C288 /* a */,
				9D10E41623986D6700D3C288 /* aTests */,
				9D10E42123986D6700D3C288 /* aUITests */,
				9D10E3FE23986D6500D3C288 /* Products */,
			);
			sourceTree = "<group>";
		};
		9D10E3FE23986D6500D3C288 /* Products */ = {
			isa = PBXGroup;
			children = (
				9D10E3FD23986D6500D3C288 /* a.app */,
				9D10E41323986D6700D3C288 /* aTests.xctest */,
				9D10E41E23986D6700D3C288 /* aUITests.xctest */,
			);
			name = Products;
			sourceTree = "<group>";
		};
		9D10E3FF23986D6500D3C288 /* a */ = {
			isa = PBXGroup;
			children = (
				9D10E40023986D6500D3C288 /* AppDelegate.swift */,
				9D10E40223986D6500D3C288 /* SceneDelegate.swift */,
				9D10E40423986D6500D3C288 /* ViewController.swift */,
				9D10E40623986D6500D3C288 /* Main.storyboard */,
				9D10E40923986D6700D3C288 /* Assets.xcassets */,
				9D10E40B23986D6700D3C288 /* LaunchScreen.storyboard */,
				9D10E40E23986D6700D3C288 /* Info.plist */,
			);
			path = a;
			sourceTree = "<group>";
		};
		9D10E41623986D6700D3C288 /* aTests */ = {
			isa = PBXGroup;
			children = (
				9D10E41723986D6700D3C288 /* aTests.swift */,
				9D10E41923986D6700D3C288 /* Info.plist */,
			);
			path = aTests;
			sourceTree = "<group>";
		};
		9D10E42123986D6700D3C288 /* aUITests */ = {
			isa = PBXGroup;
			children = (
				9D10E42223986D6700D3C288 /* aUITests.swift */,
				9D10E42423986D6700D3C288 /* Info.plist */,
			);
			path = aUITests;
			sourceTree = "<group>";
		};
/* End PBXGroup section */

/* Begin PBXNativeTarget section */
		9D10E3FC23986D6500D3C288 /* a */ = {
			isa = PBXNativeTarget;
			buildConfigurationList = 9D10E42723986D6700D3C288 /* Build configuration list for PBXNativeTarget "a" */;
			buildPhases = (
				9D10E3F923986D6500D3C288 /* Sources */,
				9D10E3FA23986D6500D3C288 /* Frameworks */,
				9D10E3FB23986D6500D3C288 /* Resources */,
			);
			buildRules = (
			);
			dependencies = (
			);
			name = a;
			productName = a;
			productReference = 9D10E3FD23986D6500D3C288 /* a.app */;
			productType = "com.apple.product-type.application";
		};
		9D10E41223986D6700D3C288 /* aTests */ = {
			isa = PBXNativeTarget;
			buildConfigurationList = 9D10E42A23986D6700D3C288 /* Build configuration list for PBXNativeTarget "aTests" */;
			buildPhases = (
				9D10E40F23986D6700D3C288 /* Sources */,
				9D10E41023986D6700D3C288 /* Frameworks */,
				9D10E41123986D6700D3C288 /* Resources */,
			);
			buildRules = (
			);
			dependencies = (
				9D10E41523986D6700D3C288 /* PBXTargetDependency */,
			);
			name = aTests;
			productName = aTests;
			productReference = 9D10E41323986D6700D3C288 /* aTests.xctest */;
			productType = "com.apple.product-type.bundle.unit-test";
		};
		9D10E41D23986D6700D3C288 /* aUITests */ = {
			isa = PBXNativeTarget;
			buildConfigurationList = 9D10E42D23986D6700D3C288 /* Build configuration list for PBXNativeTarget "aUITests" */;
			buildPhases = (
				9D10E41A23986D6700D3C288 /* Sources */,
				9D10E41B23986D6700D3C288 /* Frameworks */,
				9D10E41C23986D6700D3C288 /* Resources */,
			);
			buildRules = (
			);
			dependencies = (
				9D10E42023986D6700D3C288 /* PBXTargetDependency */,
			);
			name = aUITests;
			productName = aUITests;
			productReference = 9D10E41E23986D6700D3C288 /* aUITests.xctest */;
			productType = "com.apple.product-type.bundle.ui-testing";
		};
/* End PBXNativeTarget section */

/* Begin PBXProject section */
		9D10E3F523986D6500D3C288 /* Project object */ = {
			isa = PBXProject;
			attributes = {
				LastSwiftUpdateCheck = 1120;
				LastUpgradeCheck = 1120;
				ORGANIZATIONNAME = "Jordi Milla Catalan";
				TargetAttributes = {
					9D10E3FC23986D6500D3C288 = {
						CreatedOnToolsVersion = 11.2.1;
					};
					9D10E41223986D6700D3C288 = {
						CreatedOnToolsVersion = 11.2.1;
						TestTargetID = 9D10E3FC23986D6500D3C288;
					};
					9D10E41D23986D6700D3C288 = {
						CreatedOnToolsVersion = 11.2.1;
						TestTargetID = 9D10E3FC23986D6500D3C288;
					};
				};
			};
			buildConfigurationList = 9D10E3F823986D6500D3C288 /* Build configuration list for PBXProject "a" */;
			compatibilityVersion = "Xcode 9.3";
			developmentRegion = en;
			hasScannedForEncodings = 0;
			knownRegions = (
				en,
				Base,
			);
			mainGroup = 9D10E3F423986D6500D3C288;
			productRefGroup = 9D10E3FE23986D6500D3C288 /* Products */;
			projectDirPath = "";
			projectRoot = "";
			targets = (
				9D10E3FC23986D6500D3C288 /* a */,
				9D10E41223986D6700D3C288 /* aTests */,
				9D10E41D23986D6700D3C288 /* aUITests */,
			);
		};
/* End PBXProject section */

/* Begin PBXResourcesBuildPhase section */
		9D10E3FB23986D6500D3C288 /* Resources */ = {
			isa = PBXResourcesBuildPhase;
			buildActionMask = 2147483647;
			files = (
				9D10E40D23986D6700D3C288 /* LaunchScreen.storyboard in Resources */,
				9D10E40A23986D6700D3C288 /* Assets.xcassets in Resources */,
				9D10E40823986D6500D3C288 /* Main.storyboard in Resources */,
			);
			runOnlyForDeploymentPostprocessing = 0;
		};
		9D10E41123986D6700D3C288 /* Resources */ = {
			isa = PBXResourcesBuildPhase;
			buildActionMask = 2147483647;
			files = (
			);
			runOnlyForDeploymentPostprocessing = 0;
		};
		9D10E41C23986D6700D3C288 /* Resources */ = {
			isa = PBXResourcesBuildPhase;
			buildActionMask = 2147483647;
			files = (
			);
			runOnlyForDeploymentPostprocessing = 0;
		};
/* End PBXResourcesBuildPhase section */

/* Begin PBXSourcesBuildPhase section */
		9D10E3F923986D6500D3C288 /* Sources */ = {
			isa = PBXSourcesBuildPhase;
			buildActionMask = 2147483647;
			files = (
				9D10E40523986D6500D3C288 /* ViewController.swift in Sources */,
				9D10E40123986D6500D3C288 /* AppDelegate.swift in Sources */,
				9D10E40323986D6500D3C288 /* SceneDelegate.swift in Sources */,
			);
			runOnlyForDeploymentPostprocessing = 0;
		};
		9D10E40F23986D6700D3C288 /* Sources */ = {
			isa = PBXSourcesBuildPhase;
			buildActionMask = 2147483647;
			files = (
				9D10E41823986D6700D3C288 /* aTests.swift in Sources */,
			);
			runOnlyForDeploymentPostprocessing = 0;
		};
		9D10E41A23986D6700D3C288 /* Sources */ = {
			isa = PBXSourcesBuildPhase;
			buildActionMask = 2147483647;
			files = (
				9D10E42323986D6700D3C288 /* aUITests.swift in Sources */,
			);
			runOnlyForDeploymentPostprocessing = 0;
		};
/* End PBXSourcesBuildPhase section */

/* Begin PBXTargetDependency section */
		9D10E41523986D6700D3C288 /* PBXTargetDependency */ = {
			isa = PBXTargetDependency;
			target = 9D10E3FC23986D6500D3C288 /* a */;
			targetProxy = 9D10E41423986D6700D3C288 /* PBXContainerItemProxy */;
		};
		9D10E42023986D6700D3C288 /* PBXTargetDependency */ = {
			isa = PBXTargetDependency;
			target = 9D10E3FC23986D6500D3C288 /* a */;
			targetProxy = 9D10E41F23986D6700D3C288 /* PBXContainerItemProxy */;
		};
/* End PBXTargetDependency section */

/* Begin PBXVariantGroup section */
		9D10E40623986D6500D3C288 /* Main.storyboard */ = {
			isa = PBXVariantGroup;
			children = (
				9D10E40723986D6500D3C288 /* Base */,
			);
			name = Main.storyboard;
			sourceTree = "<group>";
		};
		9D10E40B23986D6700D3C288 /* LaunchScreen.storyboard */ = {
			isa = PBXVariantGroup;
			children = (
				9D10E40C23986D6700D3C288 /* Base */,
			);
			name = LaunchScreen.storyboard;
			sourceTree = "<group>";
		};
/* End PBXVariantGroup section */

/* Begin XCBuildConfiguration section */
		9D10E42523986D6700D3C288 /* Debug */ = {
			isa = XCBuildConfiguration;
			buildSettings = {
				ALWAYS_SEARCH_USER_PATHS = NO;
				CLANG_ANALYZER_NONNULL = YES;
				CLANG_ANALYZER_NUMBER_OBJECT_CONVERSION = YES_AGGRESSIVE;
				CLANG_CXX_LANGUAGE_STANDARD = "gnu++14";
				CLANG_CXX_LIBRARY = "libc++";
				CLANG_ENABLE_MODULES = YES;
				CLANG_ENABLE_OBJC_ARC = YES;
				CLANG_ENABLE_OBJC_WEAK = YES;
				CLANG_WARN_BLOCK_CAPTURE_AUTORELEASING = YES;
				CLANG_WARN_BOOL_CONVERSION = YES;
				CLANG_WARN_COMMA = YES;
				CLANG_WARN_CONSTANT_CONVERSION = YES;
				CLANG_WARN_DEPRECATED_OBJC_IMPLEMENTATIONS = YES;
				CLANG_WARN_DIRECT_OBJC_ISA_USAGE = YES_ERROR;
				CLANG_WARN_DOCUMENTATION_COMMENTS = YES;
				CLANG_WARN_EMPTY_BODY = YES;
				CLANG_WARN_ENUM_CONVERSION = YES;
				CLANG_WARN_INFINITE_RECURSION = YES;
				CLANG_WARN_INT_CONVERSION = YES;
				CLANG_WARN_NON_LITERAL_NULL_CONVERSION = YES;
				CLANG_WARN_OBJC_IMPLICIT_RETAIN_SELF = YES;
				CLANG_WARN_OBJC_LITERAL_CONVERSION = YES;
				CLANG_WARN_OBJC_ROOT_CLASS = YES_ERROR;
				CLANG_WARN_RANGE_LOOP_ANALYSIS = YES;
				CLANG_WARN_STRICT_PROTOTYPES = YES;
				CLANG_WARN_SUSPICIOUS_MOVE = YES;
				CLANG_WARN_UNGUARDED_AVAILABILITY = YES_AGGRESSIVE;
				CLANG_WARN_UNREACHABLE_CODE = YES;
				CLANG_WARN__DUPLICATE_METHOD_MATCH = YES;
				COPY_PHASE_STRIP = NO;
				DEBUG_INFORMATION_FORMAT = dwarf;
				ENABLE_STRICT_OBJC_MSGSEND = YES;
				ENABLE_TESTABILITY = YES;
				GCC_C_LANGUAGE_STANDARD = gnu11;
				GCC_DYNAMIC_NO_PIC = NO;
				GCC_NO_COMMON_BLOCKS = YES;
				GCC_OPTIMIZATION_LEVEL = 0;
				GCC_PREPROCESSOR_DEFINITIONS = (
					"DEBUG=1",
					"$(inherited)",
				);
				GCC_WARN_64_TO_32_BIT_CONVERSION = YES;
				GCC_WARN_ABOUT_RETURN_TYPE = YES_ERROR;
				GCC_WARN_UNDECLARED_SELECTOR = YES;
				GCC_WARN_UNINITIALIZED_AUTOS = YES_AGGRESSIVE;
				GCC_WARN_UNUSED_FUNCTION = YES;
				GCC_WARN_UNUSED_VARIABLE = YES;
				IPHONEOS_DEPLOYMENT_TARGET = 13.2;
				MTL_ENABLE_DEBUG_INFO = INCLUDE_SOURCE;
				MTL_FAST_MATH = YES;
				ONLY_ACTIVE_ARCH = YES;
				SDKROOT = iphoneos;
				SWIFT_ACTIVE_COMPILATION_CONDITIONS = DEBUG;
				SWIFT_OPTIMIZATION_LEVEL = "-Onone";
			};
			name = Debug;
		};
		9D10E42623986D6700D3C288 /* Release */ = {
			isa = XCBuildConfiguration;
			buildSettings = {
				ALWAYS_SEARCH_USER_PATHS = NO;
				CLANG_ANALYZER_NONNULL = YES;
				CLANG_ANALYZER_NUMBER_OBJECT_CONVERSION = YES_AGGRESSIVE;
				CLANG_CXX_LANGUAGE_STANDARD = "gnu++14";
				CLANG_CXX_LIBRARY = "libc++";
				CLANG_ENABLE_MODULES = YES;
				CLANG_ENABLE_OBJC_ARC = YES;
				CLANG_ENABLE_OBJC_WEAK = YES;
				CLANG_WARN_BLOCK_CAPTURE_AUTORELEASING = YES;
				CLANG_WARN_BOOL_CONVERSION = YES;
				CLANG_WARN_COMMA = YES;
				CLANG_WARN_CONSTANT_CONVERSION = YES;
				CLANG_WARN_DEPRECATED_OBJC_IMPLEMENTATIONS = YES;
				CLANG_WARN_DIRECT_OBJC_ISA_USAGE = YES_ERROR;
				CLANG_WARN_DOCUMENTATION_COMMENTS = YES;
				CLANG_WARN_EMPTY_BODY = YES;
				CLANG_WARN_ENUM_CONVERSION = YES;
				CLANG_WARN_INFINITE_RECURSION = YES;
				CLANG_WARN_INT_CONVERSION = YES;
				CLANG_WARN_NON_LITERAL_NULL_CONVERSION = YES;
				CLANG_WARN_OBJC_IMPLICIT_RETAIN_SELF = YES;
				CLANG_WARN_OBJC_LITERAL_CONVERSION = YES;
				CLANG_WARN_OBJC_ROOT_CLASS = YES_ERROR;
				CLANG_WARN_RANGE_LOOP_ANALYSIS = YES;
				CLANG_WARN_STRICT_PROTOTYPES = YES;
				CLANG_WARN_SUSPICIOUS_MOVE = YES;
				CLANG_WARN_UNGUARDED_AVAILABILITY = YES_AGGRESSIVE;
				CLANG_WARN_UNREACHABLE_CODE = YES;
				CLANG_WARN__DUPLICATE_METHOD_MATCH = YES;
				COPY_PHASE_STRIP = NO;
				DEBUG_INFORMATION_FORMAT = "dwarf-with-dsym";
				ENABLE_NS_ASSERTIONS = NO;
				ENABLE_STRICT_OBJC_MSGSEND = YES;
				GCC_C_LANGUAGE_STANDARD = gnu11;
				GCC_NO_COMMON_BLOCKS = YES;
				GCC_WARN_64_TO_32_BIT_CONVERSION = YES;
				GCC_WARN_ABOUT_RETURN_TYPE = YES_ERROR;
				GCC_WARN_UNDECLARED_SELECTOR = YES;
				GCC_WARN_UNINITIALIZED_AUTOS = YES_AGGRESSIVE;
				GCC_WARN_UNUSED_FUNCTION = YES;
				GCC_WARN_UNUSED_VARIABLE = YES;
				IPHONEOS_DEPLOYMENT_TARGET = 13.2;
				MTL_ENABLE_DEBUG_INFO = NO;
				MTL_FAST_MATH = YES;
				SDKROOT = iphoneos;
				SWIFT_COMPILATION_MODE = wholemodule;
				SWIFT_OPTIMIZATION_LEVEL = "-O";
				VALIDATE_PRODUCT = YES;
			};
			name = Release;
		};
		9D10E42823986D6700D3C288 /* Debug */ = {
			isa = XCBuildConfiguration;
			buildSettings = {
				ASSETCATALOG_COMPILER_APPICON_NAME = AppIcon;
				CODE_SIGN_STYLE = Automatic;
				INFOPLIST_FILE = a/Info.plist;
				LD_RUNPATH_SEARCH_PATHS = (
					"$(inherited)",
					"@executable_path/Frameworks",
				);
				PRODUCT_BUNDLE_IDENTIFIER = com.jordi.milla.a;
				PRODUCT_NAME = "$(TARGET_NAME)";
				SWIFT_VERSION = 5.0;
				TARGETED_DEVICE_FAMILY = "1,2";
			};
			name = Debug;
		};
		9D10E42923986D6700D3C288 /* Release */ = {
			isa = XCBuildConfiguration;
			buildSettings = {
				ASSETCATALOG_COMPILER_APPICON_NAME = AppIcon;
				CODE_SIGN_STYLE = Automatic;
				INFOPLIST_FILE = a/Info.plist;
				LD_RUNPATH_SEARCH_PATHS = (
					"$(inherited)",
					"@executable_path/Frameworks",
				);
				PRODUCT_BUNDLE_IDENTIFIER = com.jordi.milla.a;
				PRODUCT_NAME = "$(TARGET_NAME)";
				SWIFT_VERSION = 5.0;
				TARGETED_DEVICE_FAMILY = "1,2";
			};
			name = Release;
		};
		9D10E42B23986D6700D3C288 /* Debug */ = {
			isa = XCBuildConfiguration;
			buildSettings = {
				ALWAYS_EMBED_SWIFT_STANDARD_LIBRARIES = YES;
				BUNDLE_LOADER = "$(TEST_HOST)";
				CODE_SIGN_STYLE = Automatic;
				INFOPLIST_FILE = aTests/Info.plist;
				IPHONEOS_DEPLOYMENT_TARGET = 13.2;
				LD_RUNPATH_SEARCH_PATHS = (
					"$(inherited)",
					"@executable_path/Frameworks",
					"@loader_path/Frameworks",
				);
				PRODUCT_BUNDLE_IDENTIFIER = com.jordi.milla.aTests;
				PRODUCT_NAME = "$(TARGET_NAME)";
				SWIFT_VERSION = 5.0;
				TARGETED_DEVICE_FAMILY = "1,2";
				TEST_HOST = "$(BUILT_PRODUCTS_DIR)/a.app/a";
			};
			name = Debug;
		};
		9D10E42C23986D6700D3C288 /* Release */ = {
			isa = XCBuildConfiguration;
			buildSettings = {
				ALWAYS_EMBED_SWIFT_STANDARD_LIBRARIES = YES;
				BUNDLE_LOADER = "$(TEST_HOST)";
				CODE_SIGN_STYLE = Automatic;
				INFOPLIST_FILE = aTests/Info.plist;
				IPHONEOS_DEPLOYMENT_TARGET = 13.2;
				LD_RUNPATH_SEARCH_PATHS = (
					"$(inherited)",
					"@executable_path/Frameworks",
					"@loader_path/Frameworks",
				);
				PRODUCT_BUNDLE_IDENTIFIER = com.jordi.milla.aTests;
				PRODUCT_NAME = "$(TARGET_NAME)";
				SWIFT_VERSION = 5.0;
				TARGETED_DEVICE_FAMILY = "1,2";
				TEST_HOST = "$(BUILT_PRODUCTS_DIR)/a.app/a";
			};
			name = Release;
		};
		9D10E42E23986D6700D3C288 /* Debug */ = {
			isa = XCBuildConfiguration;
			buildSettings = {
				ALWAYS_EMBED_SWIFT_STANDARD_LIBRARIES = YES;
				CODE_SIGN_STYLE = Automatic;
				INFOPLIST_FILE = aUITests/Info.plist;
				LD_RUNPATH_SEARCH_PATHS = (
					"$(inherited)",
					"@executable_path/Frameworks",
					"@loader_path/Frameworks",
				);
				PRODUCT_BUNDLE_IDENTIFIER = com.jordi.milla.aUITests;
				PRODUCT_NAME = "$(TARGET_NAME)";
				SWIFT_VERSION = 5.0;
				TARGETED_DEVICE_FAMILY = "1,2";
				TEST_TARGET_NAME = a;
			};
			name = Debug;
		};
		9D10E42F23986D6700D3C288 /* Release */ = {
			isa = XCBuildConfiguration;
			buildSettings = {
				ALWAYS_EMBED_SWIFT_STANDARD_LIBRARIES = YES;
				CODE_SIGN_STYLE = Automatic;
				INFOPLIST_FILE = aUITests/Info.plist;
				LD_RUNPATH_SEARCH_PATHS = (
					"$(inherited)",
					"@executable_path/Frameworks",
					"@loader_path/Frameworks",
				);
				PRODUCT_BUNDLE_IDENTIFIER = com.jordi.milla.aUITests;
				PRODUCT_NAME = "$(TARGET_NAME)";
				SWIFT_VERSION = 5.0;
				TARGETED_DEVICE_FAMILY = "1,2";
				TEST_TARGET_NAME = a;
			};
			name = Release;
		};
/* End XCBuildConfiguration section */

/* Begin XCConfigurationList section */
		9D10E3F823986D6500D3C288 /* Build configuration list for PBXProject "a" */ = {
			isa = XCConfigurationList;
			buildConfigurations = (
				9D10E42523986D6700D3C288 /* Debug */,
				9D10E42623986D6700D3C288 /* Release */,
			);
			defaultConfigurationIsVisible = 0;
			defaultConfigurationName = Release;
		};
		9D10E42723986D6700D3C288 /* Build configuration list for PBXNativeTarget "a" */ = {
			isa = XCConfigurationList;
			buildConfigurations = (
				9D10E42823986D6700D3C288 /* Debug */,
				9D10E42923986D6700D3C288 /* Release */,
			);
			defaultConfigurationIsVisible = 0;
			defaultConfigurationName = Release;
		};
		9D10E42A23986D6700D3C288 /* Build configuration list for PBXNativeTarget "aTests" */ = {
			isa = XCConfigurationList;
			buildConfigurations = (
				9D10E42B23986D6700D3C288 /* Debug */,
				9D10E42C23986D6700D3C288 /* Release */,
			);
			defaultConfigurationIsVisible = 0;
			defaultConfigurationName = Release;
		};
		9D10E42D23986D6700D3C288 /* Build configuration list for PBXNativeTarget "aUITests" */ = {
			isa = XCConfigurationList;
			buildConfigurations = (
				9D10E42E23986D6700D3C288 /* Debug */,
				9D10E42F23986D6700D3C288 /* Release */,
			);
			defaultConfigurationIsVisible = 0;
			defaultConfigurationName = Release;
		};
/* End XCConfigurationList section */
	};
	rootObject = 9D10E3F523986D6500D3C288 /* Project object */;
}
