// !$*UTF8*$!
{
	archiveVersion = 1;
	classes = {
	};
	objectVersion = 51;
	objects = {

/* Begin PBXBuildFile section */
		1155DDE024E3EE3DA16A7AAD /* Pods_ShotlUITests.framework in Frameworks */ = {isa = PBXBuildFile; fileRef = 0EB5D72B8003A86B60184FA6 /* Pods_ShotlUITests.framework */; };
		79BA184F85515622510E7CBB /* Pods_Shotl.framework in Frameworks */ = {isa = PBXBuildFile; fileRef = 97F7AA34BC3319D0C9F072A6 /* Pods_Shotl.framework */; };
		9D10E33F23982C8100D3C288 /* AppDelegate.swift in Sources */ = {isa = PBXBuildFile; fileRef = 9D10E33E23982C8100D3C288 /* AppDelegate.swift */; };
		9D10E34123982C8100D3C288 /* SceneDelegate.swift in Sources */ = {isa = PBXBuildFile; fileRef = 9D10E34023982C8100D3C288 /* SceneDelegate.swift */; };
		9D10E34323982C8100D3C288 /* ListGroupView.swift in Sources */ = {isa = PBXBuildFile; fileRef = 9D10E34223982C8100D3C288 /* ListGroupView.swift */; };
		9D10E34523982C8500D3C288 /* Assets.xcassets in Resources */ = {isa = PBXBuildFile; fileRef = 9D10E34423982C8500D3C288 /* Assets.xcassets */; };
		9D10E34823982C8500D3C288 /* Preview Assets.xcassets in Resources */ = {isa = PBXBuildFile; fileRef = 9D10E34723982C8500D3C288 /* Preview Assets.xcassets */; };
		9D10E34B23982C8500D3C288 /* LaunchScreen.storyboard in Resources */ = {isa = PBXBuildFile; fileRef = 9D10E34923982C8500D3C288 /* LaunchScreen.storyboard */; };
		9D10E35623982C8500D3C288 /* ShotlTests.swift in Sources */ = {isa = PBXBuildFile; fileRef = 9D10E35523982C8500D3C288 /* ShotlTests.swift */; };
		9D10E36123982C8500D3C288 /* ShotlUITests.swift in Sources */ = {isa = PBXBuildFile; fileRef = 9D10E36023982C8500D3C288 /* ShotlUITests.swift */; };
		9D10E379239830C400D3C288 /* AppAssembly.swift in Sources */ = {isa = PBXBuildFile; fileRef = 9D10E378239830C400D3C288 /* AppAssembly.swift */; };
		9D10E37E2398318A00D3C288 /* MeetingGroupViewController.swift in Sources */ = {isa = PBXBuildFile; fileRef = 9D10E37D2398318A00D3C288 /* MeetingGroupViewController.swift */; };
		9D10E380239831B100D3C288 /* MeetingGroupViewModel.swift in Sources */ = {isa = PBXBuildFile; fileRef = 9D10E37F239831B100D3C288 /* MeetingGroupViewModel.swift */; };
		9D10E382239831BF00D3C288 /* MeetingGroupRouter.swift in Sources */ = {isa = PBXBuildFile; fileRef = 9D10E381239831BF00D3C288 /* MeetingGroupRouter.swift */; };
		9D10E384239832CD00D3C288 /* Tags.swift in Sources */ = {isa = PBXBuildFile; fileRef = 9D10E383239832CD00D3C288 /* Tags.swift */; };
		9D10E3882398335E00D3C288 /* ListGroupAssembly.swift in Sources */ = {isa = PBXBuildFile; fileRef = 9D10E3872398335E00D3C288 /* ListGroupAssembly.swift */; };
		9D10E38A2398342D00D3C288 /* MeetingRepository.swift in Sources */ = {isa = PBXBuildFile; fileRef = 9D10E3892398342D00D3C288 /* MeetingRepository.swift */; };
		9D10E38D2398348F00D3C288 /* SchedulerHelper.swift in Sources */ = {isa = PBXBuildFile; fileRef = 9D10E38C2398348F00D3C288 /* SchedulerHelper.swift */; };
		9D10E3902398353700D3C288 /* RxVideModel.swift in Sources */ = {isa = PBXBuildFile; fileRef = 9D10E38F2398353700D3C288 /* RxVideModel.swift */; };
		9D10E3922398387900D3C288 /* RepositoryAssembly.swift in Sources */ = {isa = PBXBuildFile; fileRef = 9D10E3912398387900D3C288 /* RepositoryAssembly.swift */; };
		9D10E395239839E900D3C288 /* MeetingRepositoryImpl.swift in Sources */ = {isa = PBXBuildFile; fileRef = 9D10E394239839E900D3C288 /* MeetingRepositoryImpl.swift */; };
		9D10E39823983AE000D3C288 /* MeetingService.swift in Sources */ = {isa = PBXBuildFile; fileRef = 9D10E39723983AE000D3C288 /* MeetingService.swift */; };
		9D10E39B23983B5300D3C288 /* MeetingApi.swift in Sources */ = {isa = PBXBuildFile; fileRef = 9D10E39A23983B5300D3C288 /* MeetingApi.swift */; };
		9D10E39F23983D1900D3C288 /* ResponseTO.swift in Sources */ = {isa = PBXBuildFile; fileRef = 9D10E39E23983D1900D3C288 /* ResponseTO.swift */; };
		9D10E3A123983D3500D3C288 /* MeetingTO.swift in Sources */ = {isa = PBXBuildFile; fileRef = 9D10E3A023983D3500D3C288 /* MeetingTO.swift */; };
		9D10E3A523983E2700D3C288 /* Meeting.swift in Sources */ = {isa = PBXBuildFile; fileRef = 9D10E3A423983E2700D3C288 /* Meeting.swift */; };
		9D10E3A8239846D800D3C288 /* CustomMapper.swift in Sources */ = {isa = PBXBuildFile; fileRef = 9D10E3A7239846D800D3C288 /* CustomMapper.swift */; };
		D589BAF0210D3965F8BF8BA4 /* Pods_ShotlTests.framework in Frameworks */ = {isa = PBXBuildFile; fileRef = 4C7B4BEB90AEB40555E44EE1 /* Pods_ShotlTests.framework */; };
/* End PBXBuildFile section */

/* Begin PBXContainerItemProxy section */
		9D10E35223982C8500D3C288 /* PBXContainerItemProxy */ = {
			isa = PBXContainerItemProxy;
			containerPortal = 9D10E33323982C8000D3C288 /* Project object */;
			proxyType = 1;
			remoteGlobalIDString = 9D10E33A23982C8000D3C288;
			remoteInfo = Shotl;
		};
		9D10E35D23982C8500D3C288 /* PBXContainerItemProxy */ = {
			isa = PBXContainerItemProxy;
			containerPortal = 9D10E33323982C8000D3C288 /* Project object */;
			proxyType = 1;
			remoteGlobalIDString = 9D10E33A23982C8000D3C288;
			remoteInfo = Shotl;
		};
/* End PBXContainerItemProxy section */

/* Begin PBXFileReference section */
		0899FE68F2551B860C53DD0B /* Pods-ShotlTests.debug.xcconfig */ = {isa = PBXFileReference; includeInIndex = 1; lastKnownFileType = text.xcconfig; name = "Pods-ShotlTests.debug.xcconfig"; path = "Target Support Files/Pods-ShotlTests/Pods-ShotlTests.debug.xcconfig"; sourceTree = "<group>"; };
		0EB5D72B8003A86B60184FA6 /* Pods_ShotlUITests.framework */ = {isa = PBXFileReference; explicitFileType = wrapper.framework; includeInIndex = 0; path = Pods_ShotlUITests.framework; sourceTree = BUILT_PRODUCTS_DIR; };
		4C7B4BEB90AEB40555E44EE1 /* Pods_ShotlTests.framework */ = {isa = PBXFileReference; explicitFileType = wrapper.framework; includeInIndex = 0; path = Pods_ShotlTests.framework; sourceTree = BUILT_PRODUCTS_DIR; };
		96D752E94FDD62237EC8CCF5 /* Pods-Shotl.debug.xcconfig */ = {isa = PBXFileReference; includeInIndex = 1; lastKnownFileType = text.xcconfig; name = "Pods-Shotl.debug.xcconfig"; path = "Target Support Files/Pods-Shotl/Pods-Shotl.debug.xcconfig"; sourceTree = "<group>"; };
		97F7AA34BC3319D0C9F072A6 /* Pods_Shotl.framework */ = {isa = PBXFileReference; explicitFileType = wrapper.framework; includeInIndex = 0; path = Pods_Shotl.framework; sourceTree = BUILT_PRODUCTS_DIR; };
		9D10E33B23982C8100D3C288 /* Shotl.app */ = {isa = PBXFileReference; explicitFileType = wrapper.application; includeInIndex = 0; path = Shotl.app; sourceTree = BUILT_PRODUCTS_DIR; };
		9D10E33E23982C8100D3C288 /* AppDelegate.swift */ = {isa = PBXFileReference; lastKnownFileType = sourcecode.swift; path = AppDelegate.swift; sourceTree = "<group>"; };
		9D10E34023982C8100D3C288 /* SceneDelegate.swift */ = {isa = PBXFileReference; lastKnownFileType = sourcecode.swift; path = SceneDelegate.swift; sourceTree = "<group>"; };
		9D10E34223982C8100D3C288 /* ListGroupView.swift */ = {isa = PBXFileReference; lastKnownFileType = sourcecode.swift; path = ListGroupView.swift; sourceTree = "<group>"; };
		9D10E34423982C8500D3C288 /* Assets.xcassets */ = {isa = PBXFileReference; lastKnownFileType = folder.assetcatalog; path = Assets.xcassets; sourceTree = "<group>"; };
		9D10E34723982C8500D3C288 /* Preview Assets.xcassets */ = {isa = PBXFileReference; lastKnownFileType = folder.assetcatalog; path = "Preview Assets.xcassets"; sourceTree = "<group>"; };
		9D10E34A23982C8500D3C288 /* Base */ = {isa = PBXFileReference; lastKnownFileType = file.storyboard; name = Base; path = Base.lproj/LaunchScreen.storyboard; sourceTree = "<group>"; };
		9D10E34C23982C8500D3C288 /* Info.plist */ = {isa = PBXFileReference; lastKnownFileType = text.plist.xml; path = Info.plist; sourceTree = "<group>"; };
		9D10E35123982C8500D3C288 /* ShotlTests.xctest */ = {isa = PBXFileReference; explicitFileType = wrapper.cfbundle; includeInIndex = 0; path = ShotlTests.xctest; sourceTree = BUILT_PRODUCTS_DIR; };
		9D10E35523982C8500D3C288 /* ShotlTests.swift */ = {isa = PBXFileReference; lastKnownFileType = sourcecode.swift; path = ShotlTests.swift; sourceTree = "<group>"; };
		9D10E35723982C8500D3C288 /* Info.plist */ = {isa = PBXFileReference; lastKnownFileType = text.plist.xml; path = Info.plist; sourceTree = "<group>"; };
		9D10E35C23982C8500D3C288 /* ShotlUITests.xctest */ = {isa = PBXFileReference; explicitFileType = wrapper.cfbundle; includeInIndex = 0; path = ShotlUITests.xctest; sourceTree = BUILT_PRODUCTS_DIR; };
		9D10E36023982C8500D3C288 /* ShotlUITests.swift */ = {isa = PBXFileReference; lastKnownFileType = sourcecode.swift; path = ShotlUITests.swift; sourceTree = "<group>"; };
		9D10E36223982C8500D3C288 /* Info.plist */ = {isa = PBXFileReference; lastKnownFileType = text.plist.xml; path = Info.plist; sourceTree = "<group>"; };
		9D10E378239830C400D3C288 /* AppAssembly.swift */ = {isa = PBXFileReference; lastKnownFileType = sourcecode.swift; path = AppAssembly.swift; sourceTree = "<group>"; };
		9D10E37D2398318A00D3C288 /* MeetingGroupViewController.swift */ = {isa = PBXFileReference; lastKnownFileType = sourcecode.swift; path = MeetingGroupViewController.swift; sourceTree = "<group>"; };
		9D10E37F239831B100D3C288 /* MeetingGroupViewModel.swift */ = {isa = PBXFileReference; lastKnownFileType = sourcecode.swift; path = MeetingGroupViewModel.swift; sourceTree = "<group>"; };
		9D10E381239831BF00D3C288 /* MeetingGroupRouter.swift */ = {isa = PBXFileReference; lastKnownFileType = sourcecode.swift; path = MeetingGroupRouter.swift; sourceTree = "<group>"; };
		9D10E383239832CD00D3C288 /* Tags.swift */ = {isa = PBXFileReference; lastKnownFileType = sourcecode.swift; path = Tags.swift; sourceTree = "<group>"; };
		9D10E3872398335E00D3C288 /* ListGroupAssembly.swift */ = {isa = PBXFileReference; lastKnownFileType = sourcecode.swift; path = ListGroupAssembly.swift; sourceTree = "<group>"; };
		9D10E3892398342D00D3C288 /* MeetingRepository.swift */ = {isa = PBXFileReference; lastKnownFileType = sourcecode.swift; path = MeetingRepository.swift; sourceTree = "<group>"; };
		9D10E38C2398348F00D3C288 /* SchedulerHelper.swift */ = {isa = PBXFileReference; fileEncoding = 4; lastKnownFileType = sourcecode.swift; path = SchedulerHelper.swift; sourceTree = "<group>"; };
		9D10E38F2398353700D3C288 /* RxVideModel.swift */ = {isa = PBXFileReference; fileEncoding = 4; lastKnownFileType = sourcecode.swift; path = RxVideModel.swift; sourceTree = "<group>"; };
		9D10E3912398387900D3C288 /* RepositoryAssembly.swift */ = {isa = PBXFileReference; fileEncoding = 4; lastKnownFileType = sourcecode.swift; path = RepositoryAssembly.swift; sourceTree = "<group>"; };
		9D10E394239839E900D3C288 /* MeetingRepositoryImpl.swift */ = {isa = PBXFileReference; lastKnownFileType = sourcecode.swift; path = MeetingRepositoryImpl.swift; sourceTree = "<group>"; };
		9D10E39723983AE000D3C288 /* MeetingService.swift */ = {isa = PBXFileReference; lastKnownFileType = sourcecode.swift; path = MeetingService.swift; sourceTree = "<group>"; };
		9D10E39A23983B5300D3C288 /* MeetingApi.swift */ = {isa = PBXFileReference; lastKnownFileType = sourcecode.swift; path = MeetingApi.swift; sourceTree = "<group>"; };
		9D10E39E23983D1900D3C288 /* ResponseTO.swift */ = {isa = PBXFileReference; fileEncoding = 4; lastKnownFileType = sourcecode.swift; path = ResponseTO.swift; sourceTree = "<group>"; };
		9D10E3A023983D3500D3C288 /* MeetingTO.swift */ = {isa = PBXFileReference; fileEncoding = 4; lastKnownFileType = sourcecode.swift; path = MeetingTO.swift; sourceTree = "<group>"; };
		9D10E3A423983E2700D3C288 /* Meeting.swift */ = {isa = PBXFileReference; fileEncoding = 4; lastKnownFileType = sourcecode.swift; path = Meeting.swift; sourceTree = "<group>"; };
		9D10E3A7239846D800D3C288 /* CustomMapper.swift */ = {isa = PBXFileReference; lastKnownFileType = sourcecode.swift; path = CustomMapper.swift; sourceTree = "<group>"; };
		CE1BF3C1DE24036CEADF9667 /* Pods-ShotlUITests.release.xcconfig */ = {isa = PBXFileReference; includeInIndex = 1; lastKnownFileType = text.xcconfig; name = "Pods-ShotlUITests.release.xcconfig"; path = "Target Support Files/Pods-ShotlUITests/Pods-ShotlUITests.release.xcconfig"; sourceTree = "<group>"; };
		D20C928A6CF3E6BFA0877728 /* Pods-ShotlTests.release.xcconfig */ = {isa = PBXFileReference; includeInIndex = 1; lastKnownFileType = text.xcconfig; name = "Pods-ShotlTests.release.xcconfig"; path = "Target Support Files/Pods-ShotlTests/Pods-ShotlTests.release.xcconfig"; sourceTree = "<group>"; };
		DD313C68E13E7E047DED673E /* Pods-ShotlUITests.debug.xcconfig */ = {isa = PBXFileReference; includeInIndex = 1; lastKnownFileType = text.xcconfig; name = "Pods-ShotlUITests.debug.xcconfig"; path = "Target Support Files/Pods-ShotlUITests/Pods-ShotlUITests.debug.xcconfig"; sourceTree = "<group>"; };
		E4A045BC49BAC522BDD15A46 /* Pods-Shotl.release.xcconfig */ = {isa = PBXFileReference; includeInIndex = 1; lastKnownFileType = text.xcconfig; name = "Pods-Shotl.release.xcconfig"; path = "Target Support Files/Pods-Shotl/Pods-Shotl.release.xcconfig"; sourceTree = "<group>"; };
/* End PBXFileReference section */

/* Begin PBXFrameworksBuildPhase section */
		9D10E33823982C8000D3C288 /* Frameworks */ = {
			isa = PBXFrameworksBuildPhase;
			buildActionMask = 2147483647;
			files = (
				79BA184F85515622510E7CBB /* Pods_Shotl.framework in Frameworks */,
			);
			runOnlyForDeploymentPostprocessing = 0;
		};
		9D10E34E23982C8500D3C288 /* Frameworks */ = {
			isa = PBXFrameworksBuildPhase;
			buildActionMask = 2147483647;
			files = (
				D589BAF0210D3965F8BF8BA4 /* Pods_ShotlTests.framework in Frameworks */,
			);
			runOnlyForDeploymentPostprocessing = 0;
		};
		9D10E35923982C8500D3C288 /* Frameworks */ = {
			isa = PBXFrameworksBuildPhase;
			buildActionMask = 2147483647;
			files = (
				1155DDE024E3EE3DA16A7AAD /* Pods_ShotlUITests.framework in Frameworks */,
			);
			runOnlyForDeploymentPostprocessing = 0;
		};
/* End PBXFrameworksBuildPhase section */

/* Begin PBXGroup section */
		1166B0D5527486DEDC4ABCE2 /* Pods */ = {
			isa = PBXGroup;
			children = (
				96D752E94FDD62237EC8CCF5 /* Pods-Shotl.debug.xcconfig */,
				E4A045BC49BAC522BDD15A46 /* Pods-Shotl.release.xcconfig */,
				0899FE68F2551B860C53DD0B /* Pods-ShotlTests.debug.xcconfig */,
				D20C928A6CF3E6BFA0877728 /* Pods-ShotlTests.release.xcconfig */,
				DD313C68E13E7E047DED673E /* Pods-ShotlUITests.debug.xcconfig */,
				CE1BF3C1DE24036CEADF9667 /* Pods-ShotlUITests.release.xcconfig */,
			);
			path = Pods;
			sourceTree = "<group>";
		};
		282A1E17134D068404A2E974 /* Frameworks */ = {
			isa = PBXGroup;
			children = (
				97F7AA34BC3319D0C9F072A6 /* Pods_Shotl.framework */,
				4C7B4BEB90AEB40555E44EE1 /* Pods_ShotlTests.framework */,
				0EB5D72B8003A86B60184FA6 /* Pods_ShotlUITests.framework */,
			);
			name = Frameworks;
			sourceTree = "<group>";
		};
		9D10E33223982C8000D3C288 = {
			isa = PBXGroup;
			children = (
				9D10E33D23982C8100D3C288 /* Shotl */,
				9D10E35423982C8500D3C288 /* ShotlTests */,
				9D10E35F23982C8500D3C288 /* ShotlUITests */,
				9D10E33C23982C8100D3C288 /* Products */,
				1166B0D5527486DEDC4ABCE2 /* Pods */,
				282A1E17134D068404A2E974 /* Frameworks */,
			);
			sourceTree = "<group>";
		};
		9D10E33C23982C8100D3C288 /* Products */ = {
			isa = PBXGroup;
			children = (
				9D10E33B23982C8100D3C288 /* Shotl.app */,
				9D10E35123982C8500D3C288 /* ShotlTests.xctest */,
				9D10E35C23982C8500D3C288 /* ShotlUITests.xctest */,
			);
			name = Products;
			sourceTree = "<group>";
		};
		9D10E33D23982C8100D3C288 /* Shotl */ = {
			isa = PBXGroup;
			children = (
				9D10E36E23982D4500D3C288 /* App */,
				9D10E37023982DB700D3C288 /* Presentation */,
				9D10E37223982E3A00D3C288 /* Data */,
				9D10E37123982E2F00D3C288 /* Domain */,
				9D10E34623982C8500D3C288 /* Preview Content */,
				9D10E36F23982D5300D3C288 /* Resources */,
			);
			path = Shotl;
			sourceTree = "<group>";
		};
		9D10E34623982C8500D3C288 /* Preview Content */ = {
			isa = PBXGroup;
			children = (
				9D10E34723982C8500D3C288 /* Preview Assets.xcassets */,
			);
			path = "Preview Content";
			sourceTree = "<group>";
		};
		9D10E35423982C8500D3C288 /* ShotlTests */ = {
			isa = PBXGroup;
			children = (
				9D10E35523982C8500D3C288 /* ShotlTests.swift */,
				9D10E35723982C8500D3C288 /* Info.plist */,
			);
			path = ShotlTests;
			sourceTree = "<group>";
		};
		9D10E35F23982C8500D3C288 /* ShotlUITests */ = {
			isa = PBXGroup;
			children = (
				9D10E36023982C8500D3C288 /* ShotlUITests.swift */,
				9D10E36223982C8500D3C288 /* Info.plist */,
			);
			path = ShotlUITests;
			sourceTree = "<group>";
		};
		9D10E36E23982D4500D3C288 /* App */ = {
			isa = PBXGroup;
			children = (
				9D10E33E23982C8100D3C288 /* AppDelegate.swift */,
				9D10E34023982C8100D3C288 /* SceneDelegate.swift */,
				9D10E3732398306B00D3C288 /* DI */,
			);
			path = App;
			sourceTree = "<group>";
		};
		9D10E36F23982D5300D3C288 /* Resources */ = {
			isa = PBXGroup;
			children = (
				9D10E34423982C8500D3C288 /* Assets.xcassets */,
				9D10E34923982C8500D3C288 /* LaunchScreen.storyboard */,
				9D10E34C23982C8500D3C288 /* Info.plist */,
			);
			path = Resources;
			sourceTree = "<group>";
		};
		9D10E37023982DB700D3C288 /* Presentation */ = {
			isa = PBXGroup;
			children = (
				9D10E38E2398352C00D3C288 /* Common */,
				9D10E38B2398348000D3C288 /* Helper */,
				9D10E37A2398311C00D3C288 /* ListGroup */,
				9D10E37C2398312B00D3C288 /* DetailGroup */,
			);
			path = Presentation;
			sourceTree = "<group>";
		};
		9D10E37123982E2F00D3C288 /* Domain */ = {
			isa = PBXGroup;
			children = (
				9D10E3A323983E1A00D3C288 /* Repository */,
				9D10E3A223983E1500D3C288 /* Model */,
			);
			path = Domain;
			sourceTree = "<group>";
		};
		9D10E37223982E3A00D3C288 /* Data */ = {
			isa = PBXGroup;
			children = (
				9D10E3A6239846CB00D3C288 /* Mapper */,
				9D10E39C23983CFE00D3C288 /* Model */,
				9D10E39923983B2200D3C288 /* Api */,
				9D10E39623983AC100D3C288 /* Networking */,
				9D10E393239839D500D3C288 /* Repository */,
			);
			path = Data;
			sourceTree = "<group>";
		};
		9D10E3732398306B00D3C288 /* DI */ = {
			isa = PBXGroup;
			children = (
				9D10E378239830C400D3C288 /* AppAssembly.swift */,
				9D10E383239832CD00D3C288 /* Tags.swift */,
				9D10E3762398308900D3C288 /* UI */,
				9D10E3752398307E00D3C288 /* Data */,
			);
			path = DI;
			sourceTree = "<group>";
		};
		9D10E3752398307E00D3C288 /* Data */ = {
			isa = PBXGroup;
			children = (
				9D10E3912398387900D3C288 /* RepositoryAssembly.swift */,
			);
			path = Data;
			sourceTree = "<group>";
		};
		9D10E3762398308900D3C288 /* UI */ = {
			isa = PBXGroup;
			children = (
				9D10E3872398335E00D3C288 /* ListGroupAssembly.swift */,
			);
			path = UI;
			sourceTree = "<group>";
		};
		9D10E37A2398311C00D3C288 /* ListGroup */ = {
			isa = PBXGroup;
			children = (
				9D10E37D2398318A00D3C288 /* MeetingGroupViewController.swift */,
				9D10E34223982C8100D3C288 /* ListGroupView.swift */,
				9D10E37F239831B100D3C288 /* MeetingGroupViewModel.swift */,
				9D10E381239831BF00D3C288 /* MeetingGroupRouter.swift */,
			);
			path = ListGroup;
			sourceTree = "<group>";
		};
		9D10E37C2398312B00D3C288 /* DetailGroup */ = {
			isa = PBXGroup;
			children = (
			);
			path = DetailGroup;
			sourceTree = "<group>";
		};
		9D10E38B2398348000D3C288 /* Helper */ = {
			isa = PBXGroup;
			children = (
				9D10E38C2398348F00D3C288 /* SchedulerHelper.swift */,
			);
			path = Helper;
			sourceTree = "<group>";
		};
		9D10E38E2398352C00D3C288 /* Common */ = {
			isa = PBXGroup;
			children = (
				9D10E38F2398353700D3C288 /* RxVideModel.swift */,
			);
			path = Common;
			sourceTree = "<group>";
		};
		9D10E393239839D500D3C288 /* Repository */ = {
			isa = PBXGroup;
			children = (
				9D10E394239839E900D3C288 /* MeetingRepositoryImpl.swift */,
			);
			path = Repository;
			sourceTree = "<group>";
		};
		9D10E39623983AC100D3C288 /* Networking */ = {
			isa = PBXGroup;
			children = (
				9D10E39723983AE000D3C288 /* MeetingService.swift */,
			);
			path = Networking;
			sourceTree = "<group>";
		};
		9D10E39923983B2200D3C288 /* Api */ = {
			isa = PBXGroup;
			children = (
				9D10E39A23983B5300D3C288 /* MeetingApi.swift */,
			);
			path = Api;
			sourceTree = "<group>";
		};
		9D10E39C23983CFE00D3C288 /* Model */ = {
			isa = PBXGroup;
			children = (
				9D10E39D23983D1000D3C288 /* TO */,
			);
			path = Model;
			sourceTree = "<group>";
		};
		9D10E39D23983D1000D3C288 /* TO */ = {
			isa = PBXGroup;
			children = (
				9D10E39E23983D1900D3C288 /* ResponseTO.swift */,
				9D10E3A023983D3500D3C288 /* MeetingTO.swift */,
			);
			path = TO;
			sourceTree = "<group>";
		};
		9D10E3A223983E1500D3C288 /* Model */ = {
			isa = PBXGroup;
			children = (
				9D10E3A423983E2700D3C288 /* Meeting.swift */,
			);
			path = Model;
			sourceTree = "<group>";
		};
		9D10E3A323983E1A00D3C288 /* Repository */ = {
			isa = PBXGroup;
			children = (
				9D10E3892398342D00D3C288 /* MeetingRepository.swift */,
			);
			path = Repository;
			sourceTree = "<group>";
		};
		9D10E3A6239846CB00D3C288 /* Mapper */ = {
			isa = PBXGroup;
			children = (
				9D10E3A7239846D800D3C288 /* CustomMapper.swift */,
			);
			path = Mapper;
			sourceTree = "<group>";
		};
/* End PBXGroup section */

/* Begin PBXNativeTarget section */
		9D10E33A23982C8000D3C288 /* Shotl */ = {
			isa = PBXNativeTarget;
			buildConfigurationList = 9D10E36523982C8500D3C288 /* Build configuration list for PBXNativeTarget "Shotl" */;
			buildPhases = (
				5FE876EC10F644DB228913E9 /* [CP] Check Pods Manifest.lock */,
				9D10E33723982C8000D3C288 /* Sources */,
				9D10E33823982C8000D3C288 /* Frameworks */,
				9D10E33923982C8000D3C288 /* Resources */,
				79079AC3860A7AA29037576E /* [CP] Embed Pods Frameworks */,
			);
			buildRules = (
			);
			dependencies = (
			);
			name = Shotl;
			productName = Shotl;
			productReference = 9D10E33B23982C8100D3C288 /* Shotl.app */;
			productType = "com.apple.product-type.application";
		};
		9D10E35023982C8500D3C288 /* ShotlTests */ = {
			isa = PBXNativeTarget;
			buildConfigurationList = 9D10E36823982C8500D3C288 /* Build configuration list for PBXNativeTarget "ShotlTests" */;
			buildPhases = (
				5D73CCE28C81D935F5435307 /* [CP] Check Pods Manifest.lock */,
				9D10E34D23982C8500D3C288 /* Sources */,
				9D10E34E23982C8500D3C288 /* Frameworks */,
				9D10E34F23982C8500D3C288 /* Resources */,
			);
			buildRules = (
			);
			dependencies = (
				9D10E35323982C8500D3C288 /* PBXTargetDependency */,
			);
			name = ShotlTests;
			productName = ShotlTests;
			productReference = 9D10E35123982C8500D3C288 /* ShotlTests.xctest */;
			productType = "com.apple.product-type.bundle.unit-test";
		};
		9D10E35B23982C8500D3C288 /* ShotlUITests */ = {
			isa = PBXNativeTarget;
			buildConfigurationList = 9D10E36B23982C8500D3C288 /* Build configuration list for PBXNativeTarget "ShotlUITests" */;
			buildPhases = (
				7D3EDEFDF66039844E8CCCF0 /* [CP] Check Pods Manifest.lock */,
				9D10E35823982C8500D3C288 /* Sources */,
				9D10E35923982C8500D3C288 /* Frameworks */,
				9D10E35A23982C8500D3C288 /* Resources */,
			);
			buildRules = (
			);
			dependencies = (
				9D10E35E23982C8500D3C288 /* PBXTargetDependency */,
			);
			name = ShotlUITests;
			productName = ShotlUITests;
			productReference = 9D10E35C23982C8500D3C288 /* ShotlUITests.xctest */;
			productType = "com.apple.product-type.bundle.ui-testing";
		};
/* End PBXNativeTarget section */

/* Begin PBXProject section */
		9D10E33323982C8000D3C288 /* Project object */ = {
			isa = PBXProject;
			attributes = {
				LastSwiftUpdateCheck = 1120;
				LastUpgradeCheck = 1120;
				ORGANIZATIONNAME = "Jordi Milla Catalan";
				TargetAttributes = {
					9D10E33A23982C8000D3C288 = {
						CreatedOnToolsVersion = 11.2.1;
					};
					9D10E35023982C8500D3C288 = {
						CreatedOnToolsVersion = 11.2.1;
						TestTargetID = 9D10E33A23982C8000D3C288;
					};
					9D10E35B23982C8500D3C288 = {
						CreatedOnToolsVersion = 11.2.1;
						TestTargetID = 9D10E33A23982C8000D3C288;
					};
				};
			};
			buildConfigurationList = 9D10E33623982C8000D3C288 /* Build configuration list for PBXProject "Shotl" */;
			compatibilityVersion = "Xcode 9.3";
			developmentRegion = en;
			hasScannedForEncodings = 0;
			knownRegions = (
				en,
				Base,
			);
			mainGroup = 9D10E33223982C8000D3C288;
			productRefGroup = 9D10E33C23982C8100D3C288 /* Products */;
			projectDirPath = "";
			projectRoot = "";
			targets = (
				9D10E33A23982C8000D3C288 /* Shotl */,
				9D10E35023982C8500D3C288 /* ShotlTests */,
				9D10E35B23982C8500D3C288 /* ShotlUITests */,
			);
		};
/* End PBXProject section */

/* Begin PBXResourcesBuildPhase section */
		9D10E33923982C8000D3C288 /* Resources */ = {
			isa = PBXResourcesBuildPhase;
			buildActionMask = 2147483647;
			files = (
				9D10E34B23982C8500D3C288 /* LaunchScreen.storyboard in Resources */,
				9D10E34823982C8500D3C288 /* Preview Assets.xcassets in Resources */,
				9D10E34523982C8500D3C288 /* Assets.xcassets in Resources */,
			);
			runOnlyForDeploymentPostprocessing = 0;
		};
		9D10E34F23982C8500D3C288 /* Resources */ = {
			isa = PBXResourcesBuildPhase;
			buildActionMask = 2147483647;
			files = (
			);
			runOnlyForDeploymentPostprocessing = 0;
		};
		9D10E35A23982C8500D3C288 /* Resources */ = {
			isa = PBXResourcesBuildPhase;
			buildActionMask = 2147483647;
			files = (
			);
			runOnlyForDeploymentPostprocessing = 0;
		};
/* End PBXResourcesBuildPhase section */

/* Begin PBXShellScriptBuildPhase section */
		5D73CCE28C81D935F5435307 /* [CP] Check Pods Manifest.lock */ = {
			isa = PBXShellScriptBuildPhase;
			buildActionMask = 2147483647;
			files = (
			);
			inputFileListPaths = (
			);
			inputPaths = (
				"${PODS_PODFILE_DIR_PATH}/Podfile.lock",
				"${PODS_ROOT}/Manifest.lock",
			);
			name = "[CP] Check Pods Manifest.lock";
			outputFileListPaths = (
			);
			outputPaths = (
				"$(DERIVED_FILE_DIR)/Pods-ShotlTests-checkManifestLockResult.txt",
			);
			runOnlyForDeploymentPostprocessing = 0;
			shellPath = /bin/sh;
			shellScript = "diff \"${PODS_PODFILE_DIR_PATH}/Podfile.lock\" \"${PODS_ROOT}/Manifest.lock\" > /dev/null\nif [ $? != 0 ] ; then\n    # print error to STDERR\n    echo \"error: The sandbox is not in sync with the Podfile.lock. Run 'pod install' or update your CocoaPods installation.\" >&2\n    exit 1\nfi\n# This output is used by Xcode 'outputs' to avoid re-running this script phase.\necho \"SUCCESS\" > \"${SCRIPT_OUTPUT_FILE_0}\"\n";
			showEnvVarsInLog = 0;
		};
		5FE876EC10F644DB228913E9 /* [CP] Check Pods Manifest.lock */ = {
			isa = PBXShellScriptBuildPhase;
			buildActionMask = 2147483647;
			files = (
			);
			inputFileListPaths = (
			);
			inputPaths = (
				"${PODS_PODFILE_DIR_PATH}/Podfile.lock",
				"${PODS_ROOT}/Manifest.lock",
			);
			name = "[CP] Check Pods Manifest.lock";
			outputFileListPaths = (
			);
			outputPaths = (
				"$(DERIVED_FILE_DIR)/Pods-Shotl-checkManifestLockResult.txt",
			);
			runOnlyForDeploymentPostprocessing = 0;
			shellPath = /bin/sh;
			shellScript = "diff \"${PODS_PODFILE_DIR_PATH}/Podfile.lock\" \"${PODS_ROOT}/Manifest.lock\" > /dev/null\nif [ $? != 0 ] ; then\n    # print error to STDERR\n    echo \"error: The sandbox is not in sync with the Podfile.lock. Run 'pod install' or update your CocoaPods installation.\" >&2\n    exit 1\nfi\n# This output is used by Xcode 'outputs' to avoid re-running this script phase.\necho \"SUCCESS\" > \"${SCRIPT_OUTPUT_FILE_0}\"\n";
			showEnvVarsInLog = 0;
		};
		79079AC3860A7AA29037576E /* [CP] Embed Pods Frameworks */ = {
			isa = PBXShellScriptBuildPhase;
			buildActionMask = 2147483647;
			files = (
			);
			inputFileListPaths = (
				"${PODS_ROOT}/Target Support Files/Pods-Shotl/Pods-Shotl-frameworks-${CONFIGURATION}-input-files.xcfilelist",
			);
			name = "[CP] Embed Pods Frameworks";
			outputFileListPaths = (
				"${PODS_ROOT}/Target Support Files/Pods-Shotl/Pods-Shotl-frameworks-${CONFIGURATION}-output-files.xcfilelist",
			);
			runOnlyForDeploymentPostprocessing = 0;
			shellPath = /bin/sh;
			shellScript = "\"${PODS_ROOT}/Target Support Files/Pods-Shotl/Pods-Shotl-frameworks.sh\"\n";
			showEnvVarsInLog = 0;
		};
		7D3EDEFDF66039844E8CCCF0 /* [CP] Check Pods Manifest.lock */ = {
			isa = PBXShellScriptBuildPhase;
			buildActionMask = 2147483647;
			files = (
			);
			inputFileListPaths = (
			);
			inputPaths = (
				"${PODS_PODFILE_DIR_PATH}/Podfile.lock",
				"${PODS_ROOT}/Manifest.lock",
			);
			name = "[CP] Check Pods Manifest.lock";
			outputFileListPaths = (
			);
			outputPaths = (
				"$(DERIVED_FILE_DIR)/Pods-ShotlUITests-checkManifestLockResult.txt",
			);
			runOnlyForDeploymentPostprocessing = 0;
			shellPath = /bin/sh;
			shellScript = "diff \"${PODS_PODFILE_DIR_PATH}/Podfile.lock\" \"${PODS_ROOT}/Manifest.lock\" > /dev/null\nif [ $? != 0 ] ; then\n    # print error to STDERR\n    echo \"error: The sandbox is not in sync with the Podfile.lock. Run 'pod install' or update your CocoaPods installation.\" >&2\n    exit 1\nfi\n# This output is used by Xcode 'outputs' to avoid re-running this script phase.\necho \"SUCCESS\" > \"${SCRIPT_OUTPUT_FILE_0}\"\n";
			showEnvVarsInLog = 0;
		};
/* End PBXShellScriptBuildPhase section */

/* Begin PBXSourcesBuildPhase section */
		9D10E33723982C8000D3C288 /* Sources */ = {
			isa = PBXSourcesBuildPhase;
			buildActionMask = 2147483647;
			files = (
				9D10E380239831B100D3C288 /* MeetingGroupViewModel.swift in Sources */,
				9D10E33F23982C8100D3C288 /* AppDelegate.swift in Sources */,
				9D10E379239830C400D3C288 /* AppAssembly.swift in Sources */,
				9D10E38D2398348F00D3C288 /* SchedulerHelper.swift in Sources */,
				9D10E37E2398318A00D3C288 /* MeetingGroupViewController.swift in Sources */,
				9D10E395239839E900D3C288 /* MeetingRepositoryImpl.swift in Sources */,
				9D10E34123982C8100D3C288 /* SceneDelegate.swift in Sources */,
				9D10E38A2398342D00D3C288 /* MeetingRepository.swift in Sources */,
				9D10E3902398353700D3C288 /* RxVideModel.swift in Sources */,
				9D10E39823983AE000D3C288 /* MeetingService.swift in Sources */,
				9D10E34323982C8100D3C288 /* ListGroupView.swift in Sources */,
				9D10E3922398387900D3C288 /* RepositoryAssembly.swift in Sources */,
				9D10E39B23983B5300D3C288 /* MeetingApi.swift in Sources */,
				9D10E3A123983D3500D3C288 /* MeetingTO.swift in Sources */,
				9D10E384239832CD00D3C288 /* Tags.swift in Sources */,
				9D10E39F23983D1900D3C288 /* ResponseTO.swift in Sources */,
				9D10E3882398335E00D3C288 /* ListGroupAssembly.swift in Sources */,
				9D10E3A8239846D800D3C288 /* CustomMapper.swift in Sources */,
				9D10E382239831BF00D3C288 /* MeetingGroupRouter.swift in Sources */,
				9D10E3A523983E2700D3C288 /* Meeting.swift in Sources */,
			);
			runOnlyForDeploymentPostprocessing = 0;
		};
		9D10E34D23982C8500D3C288 /* Sources */ = {
			isa = PBXSourcesBuildPhase;
			buildActionMask = 2147483647;
			files = (
				9D10E35623982C8500D3C288 /* ShotlTests.swift in Sources */,
			);
			runOnlyForDeploymentPostprocessing = 0;
		};
		9D10E35823982C8500D3C288 /* Sources */ = {
			isa = PBXSourcesBuildPhase;
			buildActionMask = 2147483647;
			files = (
				9D10E36123982C8500D3C288 /* ShotlUITests.swift in Sources */,
			);
			runOnlyForDeploymentPostprocessing = 0;
		};
/* End PBXSourcesBuildPhase section */

/* Begin PBXTargetDependency section */
		9D10E35323982C8500D3C288 /* PBXTargetDependency */ = {
			isa = PBXTargetDependency;
			target = 9D10E33A23982C8000D3C288 /* Shotl */;
			targetProxy = 9D10E35223982C8500D3C288 /* PBXContainerItemProxy */;
		};
		9D10E35E23982C8500D3C288 /* PBXTargetDependency */ = {
			isa = PBXTargetDependency;
			target = 9D10E33A23982C8000D3C288 /* Shotl */;
			targetProxy = 9D10E35D23982C8500D3C288 /* PBXContainerItemProxy */;
		};
/* End PBXTargetDependency section */

/* Begin PBXVariantGroup section */
		9D10E34923982C8500D3C288 /* LaunchScreen.storyboard */ = {
			isa = PBXVariantGroup;
			children = (
				9D10E34A23982C8500D3C288 /* Base */,
			);
			name = LaunchScreen.storyboard;
			sourceTree = "<group>";
		};
/* End PBXVariantGroup section */

/* Begin XCBuildConfiguration section */
		9D10E36323982C8500D3C288 /* Debug */ = {
			isa = XCBuildConfiguration;
			buildSettings = {
				ALWAYS_SEARCH_USER_PATHS = NO;
				CLANG_ANALYZER_NONNULL = YES;
				CLANG_ANALYZER_NUMBER_OBJECT_CONVERSION = YES_AGGRESSIVE;
				CLANG_CXX_LANGUAGE_STANDARD = "gnu++14";
				CLANG_CXX_LIBRARY = "libc++";
				CLANG_ENABLE_MODULES = YES;
				CLANG_ENABLE_OBJC_ARC = YES;
				CLANG_ENABLE_OBJC_WEAK = YES;
				CLANG_WARN_BLOCK_CAPTURE_AUTORELEASING = YES;
				CLANG_WARN_BOOL_CONVERSION = YES;
				CLANG_WARN_COMMA = YES;
				CLANG_WARN_CONSTANT_CONVERSION = YES;
				CLANG_WARN_DEPRECATED_OBJC_IMPLEMENTATIONS = YES;
				CLANG_WARN_DIRECT_OBJC_ISA_USAGE = YES_ERROR;
				CLANG_WARN_DOCUMENTATION_COMMENTS = YES;
				CLANG_WARN_EMPTY_BODY = YES;
				CLANG_WARN_ENUM_CONVERSION = YES;
				CLANG_WARN_INFINITE_RECURSION = YES;
				CLANG_WARN_INT_CONVERSION = YES;
				CLANG_WARN_NON_LITERAL_NULL_CONVERSION = YES;
				CLANG_WARN_OBJC_IMPLICIT_RETAIN_SELF = YES;
				CLANG_WARN_OBJC_LITERAL_CONVERSION = YES;
				CLANG_WARN_OBJC_ROOT_CLASS = YES_ERROR;
				CLANG_WARN_RANGE_LOOP_ANALYSIS = YES;
				CLANG_WARN_STRICT_PROTOTYPES = YES;
				CLANG_WARN_SUSPICIOUS_MOVE = YES;
				CLANG_WARN_UNGUARDED_AVAILABILITY = YES_AGGRESSIVE;
				CLANG_WARN_UNREACHABLE_CODE = YES;
				CLANG_WARN__DUPLICATE_METHOD_MATCH = YES;
				COPY_PHASE_STRIP = NO;
				DEBUG_INFORMATION_FORMAT = dwarf;
				ENABLE_STRICT_OBJC_MSGSEND = YES;
				ENABLE_TESTABILITY = YES;
				GCC_C_LANGUAGE_STANDARD = gnu11;
				GCC_DYNAMIC_NO_PIC = NO;
				GCC_NO_COMMON_BLOCKS = YES;
				GCC_OPTIMIZATION_LEVEL = 0;
				GCC_PREPROCESSOR_DEFINITIONS = (
					"DEBUG=1",
					"$(inherited)",
				);
				GCC_WARN_64_TO_32_BIT_CONVERSION = YES;
				GCC_WARN_ABOUT_RETURN_TYPE = YES_ERROR;
				GCC_WARN_UNDECLARED_SELECTOR = YES;
				GCC_WARN_UNINITIALIZED_AUTOS = YES_AGGRESSIVE;
				GCC_WARN_UNUSED_FUNCTION = YES;
				GCC_WARN_UNUSED_VARIABLE = YES;
				IPHONEOS_DEPLOYMENT_TARGET = 13.2;
				MTL_ENABLE_DEBUG_INFO = INCLUDE_SOURCE;
				MTL_FAST_MATH = YES;
				ONLY_ACTIVE_ARCH = YES;
				SDKROOT = iphoneos;
				SWIFT_ACTIVE_COMPILATION_CONDITIONS = DEBUG;
				SWIFT_OPTIMIZATION_LEVEL = "-Onone";
			};
			name = Debug;
		};
		9D10E36423982C8500D3C288 /* Release */ = {
			isa = XCBuildConfiguration;
			buildSettings = {
				ALWAYS_SEARCH_USER_PATHS = NO;
				CLANG_ANALYZER_NONNULL = YES;
				CLANG_ANALYZER_NUMBER_OBJECT_CONVERSION = YES_AGGRESSIVE;
				CLANG_CXX_LANGUAGE_STANDARD = "gnu++14";
				CLANG_CXX_LIBRARY = "libc++";
				CLANG_ENABLE_MODULES = YES;
				CLANG_ENABLE_OBJC_ARC = YES;
				CLANG_ENABLE_OBJC_WEAK = YES;
				CLANG_WARN_BLOCK_CAPTURE_AUTORELEASING = YES;
				CLANG_WARN_BOOL_CONVERSION = YES;
				CLANG_WARN_COMMA = YES;
				CLANG_WARN_CONSTANT_CONVERSION = YES;
				CLANG_WARN_DEPRECATED_OBJC_IMPLEMENTATIONS = YES;
				CLANG_WARN_DIRECT_OBJC_ISA_USAGE = YES_ERROR;
				CLANG_WARN_DOCUMENTATION_COMMENTS = YES;
				CLANG_WARN_EMPTY_BODY = YES;
				CLANG_WARN_ENUM_CONVERSION = YES;
				CLANG_WARN_INFINITE_RECURSION = YES;
				CLANG_WARN_INT_CONVERSION = YES;
				CLANG_WARN_NON_LITERAL_NULL_CONVERSION = YES;
				CLANG_WARN_OBJC_IMPLICIT_RETAIN_SELF = YES;
				CLANG_WARN_OBJC_LITERAL_CONVERSION = YES;
				CLANG_WARN_OBJC_ROOT_CLASS = YES_ERROR;
				CLANG_WARN_RANGE_LOOP_ANALYSIS = YES;
				CLANG_WARN_STRICT_PROTOTYPES = YES;
				CLANG_WARN_SUSPICIOUS_MOVE = YES;
				CLANG_WARN_UNGUARDED_AVAILABILITY = YES_AGGRESSIVE;
				CLANG_WARN_UNREACHABLE_CODE = YES;
				CLANG_WARN__DUPLICATE_METHOD_MATCH = YES;
				COPY_PHASE_STRIP = NO;
				DEBUG_INFORMATION_FORMAT = "dwarf-with-dsym";
				ENABLE_NS_ASSERTIONS = NO;
				ENABLE_STRICT_OBJC_MSGSEND = YES;
				GCC_C_LANGUAGE_STANDARD = gnu11;
				GCC_NO_COMMON_BLOCKS = YES;
				GCC_WARN_64_TO_32_BIT_CONVERSION = YES;
				GCC_WARN_ABOUT_RETURN_TYPE = YES_ERROR;
				GCC_WARN_UNDECLARED_SELECTOR = YES;
				GCC_WARN_UNINITIALIZED_AUTOS = YES_AGGRESSIVE;
				GCC_WARN_UNUSED_FUNCTION = YES;
				GCC_WARN_UNUSED_VARIABLE = YES;
				IPHONEOS_DEPLOYMENT_TARGET = 13.2;
				MTL_ENABLE_DEBUG_INFO = NO;
				MTL_FAST_MATH = YES;
				SDKROOT = iphoneos;
				SWIFT_COMPILATION_MODE = wholemodule;
				SWIFT_OPTIMIZATION_LEVEL = "-O";
				VALIDATE_PRODUCT = YES;
			};
			name = Release;
		};
		9D10E36623982C8500D3C288 /* Debug */ = {
			isa = XCBuildConfiguration;
			baseConfigurationReference = 96D752E94FDD62237EC8CCF5 /* Pods-Shotl.debug.xcconfig */;
			buildSettings = {
				ASSETCATALOG_COMPILER_APPICON_NAME = AppIcon;
				CODE_SIGN_STYLE = Automatic;
				DEVELOPMENT_ASSET_PATHS = "\"Shotl/Preview Content\"";
				ENABLE_PREVIEWS = YES;
				INFOPLIST_FILE = Shotl/Resources/Info.plist;
				LD_RUNPATH_SEARCH_PATHS = (
					"$(inherited)",
					"@executable_path/Frameworks",
				);
				PRODUCT_BUNDLE_IDENTIFIER = com.jordi.milla.Shotl;
				PRODUCT_NAME = "$(TARGET_NAME)";
				SWIFT_VERSION = 5.0;
				TARGETED_DEVICE_FAMILY = "1,2";
			};
			name = Debug;
		};
		9D10E36723982C8500D3C288 /* Release */ = {
			isa = XCBuildConfiguration;
			baseConfigurationReference = E4A045BC49BAC522BDD15A46 /* Pods-Shotl.release.xcconfig */;
			buildSettings = {
				ASSETCATALOG_COMPILER_APPICON_NAME = AppIcon;
				CODE_SIGN_STYLE = Automatic;
				DEVELOPMENT_ASSET_PATHS = "\"Shotl/Preview Content\"";
				ENABLE_PREVIEWS = YES;
				INFOPLIST_FILE = Shotl/Resources/Info.plist;
				LD_RUNPATH_SEARCH_PATHS = (
					"$(inherited)",
					"@executable_path/Frameworks",
				);
				PRODUCT_BUNDLE_IDENTIFIER = com.jordi.milla.Shotl;
				PRODUCT_NAME = "$(TARGET_NAME)";
				SWIFT_VERSION = 5.0;
				TARGETED_DEVICE_FAMILY = "1,2";
			};
			name = Release;
		};
		9D10E36923982C8500D3C288 /* Debug */ = {
			isa = XCBuildConfiguration;
			baseConfigurationReference = 0899FE68F2551B860C53DD0B /* Pods-ShotlTests.debug.xcconfig */;
			buildSettings = {
				ALWAYS_EMBED_SWIFT_STANDARD_LIBRARIES = YES;
				BUNDLE_LOADER = "$(TEST_HOST)";
				CODE_SIGN_STYLE = Automatic;
				INFOPLIST_FILE = ShotlTests/Info.plist;
				IPHONEOS_DEPLOYMENT_TARGET = 13.2;
				LD_RUNPATH_SEARCH_PATHS = (
					"$(inherited)",
					"@executable_path/Frameworks",
					"@loader_path/Frameworks",
				);
				PRODUCT_BUNDLE_IDENTIFIER = com.jordi.milla.ShotlTests;
				PRODUCT_NAME = "$(TARGET_NAME)";
				SWIFT_VERSION = 5.0;
				TARGETED_DEVICE_FAMILY = "1,2";
				TEST_HOST = "$(BUILT_PRODUCTS_DIR)/Shotl.app/Shotl";
			};
			name = Debug;
		};
		9D10E36A23982C8500D3C288 /* Release */ = {
			isa = XCBuildConfiguration;
			baseConfigurationReference = D20C928A6CF3E6BFA0877728 /* Pods-ShotlTests.release.xcconfig */;
			buildSettings = {
				ALWAYS_EMBED_SWIFT_STANDARD_LIBRARIES = YES;
				BUNDLE_LOADER = "$(TEST_HOST)";
				CODE_SIGN_STYLE = Automatic;
				INFOPLIST_FILE = ShotlTests/Info.plist;
				IPHONEOS_DEPLOYMENT_TARGET = 13.2;
				LD_RUNPATH_SEARCH_PATHS = (
					"$(inherited)",
					"@executable_path/Frameworks",
					"@loader_path/Frameworks",
				);
				PRODUCT_BUNDLE_IDENTIFIER = com.jordi.milla.ShotlTests;
				PRODUCT_NAME = "$(TARGET_NAME)";
				SWIFT_VERSION = 5.0;
				TARGETED_DEVICE_FAMILY = "1,2";
				TEST_HOST = "$(BUILT_PRODUCTS_DIR)/Shotl.app/Shotl";
			};
			name = Release;
		};
		9D10E36C23982C8500D3C288 /* Debug */ = {
			isa = XCBuildConfiguration;
			baseConfigurationReference = DD313C68E13E7E047DED673E /* Pods-ShotlUITests.debug.xcconfig */;
			buildSettings = {
				ALWAYS_EMBED_SWIFT_STANDARD_LIBRARIES = YES;
				CODE_SIGN_STYLE = Automatic;
				INFOPLIST_FILE = ShotlUITests/Info.plist;
				LD_RUNPATH_SEARCH_PATHS = (
					"$(inherited)",
					"@executable_path/Frameworks",
					"@loader_path/Frameworks",
				);
				PRODUCT_BUNDLE_IDENTIFIER = com.jordi.milla.ShotlUITests;
				PRODUCT_NAME = "$(TARGET_NAME)";
				SWIFT_VERSION = 5.0;
				TARGETED_DEVICE_FAMILY = "1,2";
				TEST_TARGET_NAME = Shotl;
			};
			name = Debug;
		};
		9D10E36D23982C8500D3C288 /* Release */ = {
			isa = XCBuildConfiguration;
			baseConfigurationReference = CE1BF3C1DE24036CEADF9667 /* Pods-ShotlUITests.release.xcconfig */;
			buildSettings = {
				ALWAYS_EMBED_SWIFT_STANDARD_LIBRARIES = YES;
				CODE_SIGN_STYLE = Automatic;
				INFOPLIST_FILE = ShotlUITests/Info.plist;
				LD_RUNPATH_SEARCH_PATHS = (
					"$(inherited)",
					"@executable_path/Frameworks",
					"@loader_path/Frameworks",
				);
				PRODUCT_BUNDLE_IDENTIFIER = com.jordi.milla.ShotlUITests;
				PRODUCT_NAME = "$(TARGET_NAME)";
				SWIFT_VERSION = 5.0;
				TARGETED_DEVICE_FAMILY = "1,2";
				TEST_TARGET_NAME = Shotl;
			};
			name = Release;
		};
/* End XCBuildConfiguration section */

/* Begin XCConfigurationList section */
		9D10E33623982C8000D3C288 /* Build configuration list for PBXProject "Shotl" */ = {
			isa = XCConfigurationList;
			buildConfigurations = (
				9D10E36323982C8500D3C288 /* Debug */,
				9D10E36423982C8500D3C288 /* Release */,
			);
			defaultConfigurationIsVisible = 0;
			defaultConfigurationName = Release;
		};
		9D10E36523982C8500D3C288 /* Build configuration list for PBXNativeTarget "Shotl" */ = {
			isa = XCConfigurationList;
			buildConfigurations = (
				9D10E36623982C8500D3C288 /* Debug */,
				9D10E36723982C8500D3C288 /* Release */,
			);
			defaultConfigurationIsVisible = 0;
			defaultConfigurationName = Release;
		};
		9D10E36823982C8500D3C288 /* Build configuration list for PBXNativeTarget "ShotlTests" */ = {
			isa = XCConfigurationList;
			buildConfigurations = (
				9D10E36923982C8500D3C288 /* Debug */,
				9D10E36A23982C8500D3C288 /* Release */,
			);
			defaultConfigurationIsVisible = 0;
			defaultConfigurationName = Release;
		};
		9D10E36B23982C8500D3C288 /* Build configuration list for PBXNativeTarget "ShotlUITests" */ = {
			isa = XCConfigurationList;
			buildConfigurations = (
				9D10E36C23982C8500D3C288 /* Debug */,
				9D10E36D23982C8500D3C288 /* Release */,
			);
			defaultConfigurationIsVisible = 0;
			defaultConfigurationName = Release;
		};
/* End XCConfigurationList section */
	};
	rootObject = 9D10E33323982C8000D3C288 /* Project object */;
}
